
Microsoft Visual Studio Solution File, Format Version 12.00
# Visual Studio Version 16
VisualStudioVersion = 16.0.33130.400
MinimumVisualStudioVersion = 10.0.40219.1
Project("{FAE04EC0-301F-11D3-BF4B-00C04F79EFBC}") = "Assignment_6", "Assignment_6.csproj", "{9221ABE4-E03C-4B29-905C-8D655F5B71CF}"
EndProject
Global
	GlobalSection(SolutionConfigurationPlatforms) = preSolution
		Debug|Any CPU = Debug|Any CPU
		Release|Any CPU = Release|Any CPU
	EndGlobalSection
	GlobalSection(ProjectConfigurationPlatforms) = postSolution
		{9221ABE4-E03C-4B29-905C-8D655F5B71CF}.Debug|Any CPU.ActiveCfg = Debug|Any CPU
		{9221ABE4-E03C-4B29-905C-8D655F5B71CF}.Debug|Any CPU.Build.0 = Debug|Any CPU
		{9221ABE4-E03C-4B29-905C-8D655F5B71CF}.Release|Any CPU.ActiveCfg = Release|Any CPU
		{9221ABE4-E03C-4B29-905C-8D655F5B71CF}.Release|Any CPU.Build.0 = Release|Any CPU
	EndGlobalSection
	GlobalSection(SolutionProperties) = preSolution
		HideSolutionNode = FALSE
	EndGlobalSection
	GlobalSection(ExtensibilityGlobals) = postSolution
		SolutionGuid = {EE42ADBB-99E1-49BE-94B7-A8FD77267A0B}
	EndGlobalSection
EndGlobal
